
Microsoft Visual Studio Solution File, Format Version 12.00
# Visual Studio Version 16
VisualStudioVersion = 16.0.31205.134
MinimumVisualStudioVersion = 10.0.40219.1
Project("{8BC9CEB8-8B4A-11D0-8D11-00A0C91BC942}") = "v6d", "v6d.vcxproj", "{E087520A-CBF3-4907-9893-7778F63BAC46}"
EndProject
Global
	GlobalSection(SolutionConfigurationPlatforms) = preSolution
		Debug|x86 = Debug|x86
		Release|x86 = Release|x86
	EndGlobalSection
	GlobalSection(ProjectConfigurationPlatforms) = postSolution
		{E087520A-CBF3-4907-9893-7778F63BAC46}.Debug|x86.ActiveCfg = Debug|Win32
		{E087520A-CBF3-4907-9893-7778F63BAC46}.Debug|x86.Build.0 = Debug|Win32
		{E087520A-CBF3-4907-9893-7778F63BAC46}.Release|x86.ActiveCfg = Release|Win32
		{E087520A-CBF3-4907-9893-7778F63BAC46}.Release|x86.Build.0 = Release|Win32
	EndGlobalSection
	GlobalSection(SolutionProperties) = preSolution
		HideSolutionNode = FALSE
	EndGlobalSection
	GlobalSection(ExtensibilityGlobals) = postSolution
		SolutionGuid = {DAFA7F6E-66A9-4DD3-BCFE-158850C0F679}
	EndGlobalSection
EndGlobal
